{
  "nodes": {
    "aerospace": {
      "flake": false,
      "locked": {
        "lastModified": 1767556899,
        "narHash": "sha256-UXqidzDPZk30+KXaapZo7U33Cfwmaef7knwDO26Wa4c=",
        "owner": "nikitabobko",
        "repo": "homebrew-tap",
        "rev": "3806a446c6c4c6962d8790187ccdbd2bdbdebb5a",
        "type": "github"
      },
      "original": {
        "owner": "nikitabobko",
        "repo": "homebrew-tap",
        "type": "github"
      }
    },
    "brew-src": {
      "flake": false,
      "locked": {
        "lastModified": 1763638478,
        "narHash": "sha256-n/IMowE9S23ovmTkKX7KhxXC2Yq41EAVFR2FBIXPcT8=",
        "owner": "Homebrew",
        "repo": "brew",
        "rev": "fbfdbaba008189499958a7aeb1e2c36ab10c067d",
        "type": "github"
      },
      "original": {
        "owner": "Homebrew",
        "ref": "5.0.3",
        "repo": "brew",
        "type": "github"
      }
    },
    "daipeihust": {
      "flake": false,
      "locked": {
        "lastModified": 1682907593,
        "narHash": "sha256-lfyc4D2Tt6BCmPLqHWFL9I2ZDpAtVYxE10bLuQBMfdQ=",
        "owner": "daipeihust",
        "repo": "homebrew-tap",
        "rev": "bc45a5fba4923578dcdea333b5b795a9d84b9126",
        "type": "github"
      },
      "original": {
        "owner": "daipeihust",
        "repo": "homebrew-tap",
        "type": "github"
      }
    },
    "home-manager": {
      "inputs": {
        "nixpkgs": [
          "nixpkgs-unstable"
        ]
      },
      "locked": {
        "lastModified": 1768530555,
        "narHash": "sha256-EBXKDho4t1YSgodAL6C8M3UTm8MGMZNQ9rQnceR5+6c=",
        "owner": "nix-community",
        "repo": "home-manager",
        "rev": "d21bee5abf9fb4a42b2fa7728bf671f8bb246ba6",
        "type": "github"
      },
      "original": {
        "owner": "nix-community",
        "ref": "master",
        "repo": "home-manager",
        "type": "github"
      }
    },
    "homebrew-bundle": {
      "flake": false,
      "locked": {
        "lastModified": 1745335228,
        "narHash": "sha256-TIKR2UgtyUmHLNZp255/vLs+1I10hXe+sciMEbAGFwE=",
        "owner": "homebrew",
        "repo": "homebrew-bundle",
        "rev": "a3265c84b232e13048ecbf6fc18a2eedfadbeb08",
        "type": "github"
      },
      "original": {
        "owner": "homebrew",
        "repo": "homebrew-bundle",
        "type": "github"
      }
    },
    "homebrew-cask": {
      "flake": false,
      "locked": {
        "lastModified": 1768580480,
        "narHash": "sha256-5ObwotfTbOVp67lC6STf5lhwCWFGO3ahPe29R1ArEvw=",
        "owner": "homebrew",
        "repo": "homebrew-cask",
        "rev": "aa4ee63a0ff565f6c000e12c27bad058fad60565",
        "type": "github"
      },
      "original": {
        "owner": "homebrew",
        "repo": "homebrew-cask",
        "type": "github"
      }
    },
    "homebrew-core": {
      "flake": false,
      "locked": {
        "lastModified": 1768577517,
        "narHash": "sha256-FRIqlIa/zWlINtlsIxXSFiamOV/dSPgfPbfUYMFLhNo=",
        "owner": "homebrew",
        "repo": "homebrew-core",
        "rev": "237cc433827b8f9fb011649535d7bd82aae57686",
        "type": "github"
      },
      "original": {
        "owner": "homebrew",
        "repo": "homebrew-core",
        "type": "github"
      }
    },
    "homebrew-services": {
      "flake": false,
      "locked": {
        "lastModified": 1742475690,
        "narHash": "sha256-qg3/+iHtnFe6VxGapisTatGnoH0XG4BnWWqwwzWYzk0=",
        "owner": "homebrew",
        "repo": "homebrew-services",
        "rev": "2c294ab9515576d961cea28c93148c6452db2def",
        "type": "github"
      },
      "original": {
        "owner": "homebrew",
        "repo": "homebrew-services",
        "type": "github"
      }
    },
    "nix-darwin": {
      "inputs": {
        "nixpkgs": [
          "nixpkgs-unstable"
        ]
      },
      "locked": {
        "lastModified": 1768561867,
        "narHash": "sha256-prGOZ+w3pZfGTRxworKcJliCNsewF0L4HUPjgU/6eaw=",
        "owner": "lnl7",
        "repo": "nix-darwin",
        "rev": "8b720b9662d4dd19048664b7e4216ce530591adc",
        "type": "github"
      },
      "original": {
        "owner": "lnl7",
        "repo": "nix-darwin",
        "type": "github"
      }
    },
    "nix-homebrew": {
      "inputs": {
        "brew-src": "brew-src"
      },
      "locked": {
        "lastModified": 1764473698,
        "narHash": "sha256-C91gPgv6udN5WuIZWNehp8qdLqlrzX6iF/YyboOj6XI=",
        "owner": "zhaofengli-wip",
        "repo": "nix-homebrew",
        "rev": "6a8ab60bfd66154feeaa1021fc3b32684814a62a",
        "type": "github"
      },
      "original": {
        "owner": "zhaofengli-wip",
        "repo": "nix-homebrew",
        "type": "github"
      }
    },
    "nix-yazi-flavors": {
      "inputs": {
        "nixpkgs": "nixpkgs",
        "systems": "systems"
      },
      "locked": {
        "lastModified": 1758494789,
        "narHash": "sha256-jNqW/LxFz5jz5sBtxHn//q5TQuiS2t5b8jqU9xm2V78=",
        "owner": "aguirre-matteo",
        "repo": "nix-yazi-flavors",
        "rev": "4a02f027c97f83cfc1036618c1d718017d3d331b",
        "type": "github"
      },
      "original": {
        "owner": "aguirre-matteo",
        "repo": "nix-yazi-flavors",
        "type": "github"
      }
    },
    "nixpkgs": {
      "locked": {
        "lastModified": 1753429684,
        "narHash": "sha256-9h7+4/53cSfQ/uA3pSvCaBepmZaz/dLlLVJnbQ+SJjk=",
        "owner": "nixos",
        "repo": "nixpkgs",
        "rev": "7fd36ee82c0275fb545775cc5e4d30542899511d",
        "type": "github"
      },
      "original": {
        "owner": "nixos",
        "ref": "nixos-unstable",
        "repo": "nixpkgs",
        "type": "github"
      }
    },
    "nixpkgs-master": {
      "locked": {
        "lastModified": 1768580500,
        "narHash": "sha256-ayYN8tew5P5tMDpfDtX8JOD2wn3ORLsJNGZlMozNnnQ=",
        "owner": "nixos",
        "repo": "nixpkgs",
        "rev": "231b9ca6165d058c1cd3554d3989a9665dece8ee",
        "type": "github"
      },
      "original": {
        "owner": "nixos",
        "ref": "master",
        "repo": "nixpkgs",
        "type": "github"
      }
    },
    "nixpkgs-stable-darwin": {
      "locked": {
        "lastModified": 1767313136,
        "narHash": "sha256-16KkgfdYqjaeRGBaYsNrhPRRENs0qzkQVUooNHtoy2w=",
        "owner": "nixos",
        "repo": "nixpkgs",
        "rev": "ac62194c3917d5f474c1a844b6fd6da2db95077d",
        "type": "github"
      },
      "original": {
        "owner": "nixos",
        "ref": "nixpkgs-25.05-darwin",
        "repo": "nixpkgs",
        "type": "github"
      }
    },
    "nixpkgs-unstable": {
      "locked": {
        "lastModified": 1768395095,
        "narHash": "sha256-ZhuYJbwbZT32QA95tSkXd9zXHcdZj90EzHpEXBMabaw=",
        "owner": "nixos",
        "repo": "nixpkgs",
        "rev": "13868c071cc73a5e9f610c47d7bb08e5da64fdd5",
        "type": "github"
      },
      "original": {
        "owner": "nixos",
        "ref": "nixpkgs-unstable",
        "repo": "nixpkgs",
        "type": "github"
      }
    },
    "nixpkgs_2": {
      "locked": {
        "lastModified": 1768395095,
        "narHash": "sha256-ZhuYJbwbZT32QA95tSkXd9zXHcdZj90EzHpEXBMabaw=",
        "owner": "NixOS",
        "repo": "nixpkgs",
        "rev": "13868c071cc73a5e9f610c47d7bb08e5da64fdd5",
        "type": "github"
      },
      "original": {
        "id": "nixpkgs",
        "type": "indirect"
      }
    },
    "noctalia": {
      "inputs": {
        "nixpkgs": [
          "nixpkgs"
        ]
      },
      "locked": {
        "lastModified": 1768579744,
        "narHash": "sha256-74I6GKj4pDplGw9oMwcRuDa2oy0CM1l8yXz90mixr9Q=",
        "owner": "noctalia-dev",
        "repo": "noctalia-shell",
        "rev": "51e8120a46b4cc0ecbe8cdb2df93ae6c45f983f7",
        "type": "github"
      },
      "original": {
        "owner": "noctalia-dev",
        "repo": "noctalia-shell",
        "type": "github"
      }
    },
    "root": {
      "inputs": {
        "aerospace": "aerospace",
        "daipeihust": "daipeihust",
        "home-manager": "home-manager",
        "homebrew-bundle": "homebrew-bundle",
        "homebrew-cask": "homebrew-cask",
        "homebrew-core": "homebrew-core",
        "homebrew-services": "homebrew-services",
        "nix-darwin": "nix-darwin",
        "nix-homebrew": "nix-homebrew",
        "nix-yazi-flavors": "nix-yazi-flavors",
        "nixpkgs": "nixpkgs_2",
        "nixpkgs-master": "nixpkgs-master",
        "nixpkgs-stable-darwin": "nixpkgs-stable-darwin",
        "nixpkgs-unstable": "nixpkgs-unstable",
        "noctalia": "noctalia",
        "zen-browser": "zen-browser"
      }
    },
    "systems": {
      "locked": {
        "lastModified": 1681028828,
        "narHash": "sha256-Vy1rq5AaRuLzOxct8nz4T6wlgyUR7zLU309k9mBC768=",
        "owner": "nix-systems",
        "repo": "default",
        "rev": "da67096a3b9bf56a91d16901293e51ba5b49a27e",
        "type": "github"
      },
      "original": {
        "owner": "nix-systems",
        "repo": "default",
        "type": "github"
      }
    },
    "zen-browser": {
      "inputs": {
        "nixpkgs": [
          "nixpkgs-unstable"
        ]
      },
      "locked": {
        "lastModified": 1767618227,
        "narHash": "sha256-9+XVF47E9NCVs249SSsDtr7YdG/23/lCJmWAjQvOfqI=",
        "owner": "youwen5",
        "repo": "zen-browser-flake",
        "rev": "1586e49b3908b058e221f11d843eb46392dba17b",
        "type": "github"
      },
      "original": {
        "owner": "youwen5",
        "repo": "zen-browser-flake",
        "type": "github"
      }
    }
  },
  "root": "root",
  "version": 7
}
