{
  "nodes": {
    "aerospace": {
      "flake": false,
      "locked": {
        "lastModified": 1773014271,
        "narHash": "sha256-FTE1he09SKkm7e4W4wwuhoBSgM3zROlRYcjZiU7Yjsg=",
        "owner": "nikitabobko",
        "repo": "homebrew-tap",
        "rev": "db2dcd4d2fd7087457b3cc0baf597880ac4e35a0",
        "type": "github"
      },
      "original": {
        "owner": "nikitabobko",
        "repo": "homebrew-tap",
        "type": "github"
      }
    },
    "brew-src": {
      "flake": false,
      "locked": {
        "lastModified": 1774235677,
        "narHash": "sha256-0ryNYmzDAeRlrzPTAgmzGH/Cgc8iv/LBN6jWGUANvIk=",
        "owner": "Homebrew",
        "repo": "brew",
        "rev": "894a3d23ac0c8aaf561b9874b528b9cb2e839201",
        "type": "github"
      },
      "original": {
        "owner": "Homebrew",
        "ref": "5.1.1",
        "repo": "brew",
        "type": "github"
      }
    },
    "catppuccin": {
      "inputs": {
        "nixpkgs": "nixpkgs"
      },
      "locked": {
        "lastModified": 1775213373,
        "narHash": "sha256-wJHsijC2l/E+ovmlpPGha8pXA6RHSwHWmBV97gvkmyI=",
        "owner": "catppuccin",
        "repo": "nix",
        "rev": "ba73719e673e7c2d89ac2f8df0bc0d48983e4907",
        "type": "github"
      },
      "original": {
        "owner": "catppuccin",
        "repo": "nix",
        "type": "github"
      }
    },
    "daipeihust": {
      "flake": false,
      "locked": {
        "lastModified": 1682907593,
        "narHash": "sha256-lfyc4D2Tt6BCmPLqHWFL9I2ZDpAtVYxE10bLuQBMfdQ=",
        "owner": "daipeihust",
        "repo": "homebrew-tap",
        "rev": "bc45a5fba4923578dcdea333b5b795a9d84b9126",
        "type": "github"
      },
      "original": {
        "owner": "daipeihust",
        "repo": "homebrew-tap",
        "type": "github"
      }
    },
    "fcitx5-vinput": {
      "flake": false,
      "locked": {
        "lastModified": 1775462544,
        "narHash": "sha256-lQkIw2wGt9XQmhDkl6RmC2CUCjw4y7joDS/J2LALttM=",
        "owner": "xifan2333",
        "repo": "fcitx5-vinput",
        "rev": "bb1acf4a6b4c65988d7463713214ea7f5b83550c",
        "type": "github"
      },
      "original": {
        "owner": "xifan2333",
        "repo": "fcitx5-vinput",
        "type": "github"
      }
    },
    "flake-utils": {
      "inputs": {
        "systems": "systems"
      },
      "locked": {
        "lastModified": 1731533236,
        "narHash": "sha256-l0KFg5HjrsfsO/JpG+r7fRrqm12kzFHyUHqHCVpMMbI=",
        "owner": "numtide",
        "repo": "flake-utils",
        "rev": "11707dc2f618dd54ca8739b309ec4fc024de578b",
        "type": "github"
      },
      "original": {
        "owner": "numtide",
        "repo": "flake-utils",
        "type": "github"
      }
    },
    "home-manager": {
      "inputs": {
        "nixpkgs": [
          "nixpkgs-unstable"
        ]
      },
      "locked": {
        "lastModified": 1775457580,
        "narHash": "sha256-ikws/ssAmG20AGrEwBuwspwPlkubJu34mB+Uz2fJBJs=",
        "owner": "nix-community",
        "repo": "home-manager",
        "rev": "5de7dbd151b0bd65d45785553d4a22d832733ffc",
        "type": "github"
      },
      "original": {
        "owner": "nix-community",
        "ref": "master",
        "repo": "home-manager",
        "type": "github"
      }
    },
    "home-manager_2": {
      "inputs": {
        "nixpkgs": [
          "nix-openclaw",
          "nixpkgs"
        ]
      },
      "locked": {
        "lastModified": 1767909183,
        "narHash": "sha256-u/bcU0xePi5bgNoRsiqSIwaGBwDilKKFTz3g0hqOBAo=",
        "owner": "nix-community",
        "repo": "home-manager",
        "rev": "cd6e96d56ed4b2a779ac73a1227e0bb1519b3509",
        "type": "github"
      },
      "original": {
        "owner": "nix-community",
        "repo": "home-manager",
        "type": "github"
      }
    },
    "homebrew-bundle": {
      "flake": false,
      "locked": {
        "lastModified": 1745335228,
        "narHash": "sha256-TIKR2UgtyUmHLNZp255/vLs+1I10hXe+sciMEbAGFwE=",
        "owner": "homebrew",
        "repo": "homebrew-bundle",
        "rev": "a3265c84b232e13048ecbf6fc18a2eedfadbeb08",
        "type": "github"
      },
      "original": {
        "owner": "homebrew",
        "repo": "homebrew-bundle",
        "type": "github"
      }
    },
    "homebrew-cask": {
      "flake": false,
      "locked": {
        "lastModified": 1775462373,
        "narHash": "sha256-lZoYknI3nz4A86t0b3lF6rUx7HggEJ0Ww983MFa/D9c=",
        "owner": "homebrew",
        "repo": "homebrew-cask",
        "rev": "ccc9c96cb4b034835e34d93a8aa9f1ed810bf80e",
        "type": "github"
      },
      "original": {
        "owner": "homebrew",
        "repo": "homebrew-cask",
        "type": "github"
      }
    },
    "homebrew-core": {
      "flake": false,
      "locked": {
        "lastModified": 1775456966,
        "narHash": "sha256-IOVoaa+ph/d8cz+C4OxRTwDHSQEaINVIZ8r6WBW+eVY=",
        "owner": "homebrew",
        "repo": "homebrew-core",
        "rev": "3a0e4ff02e318d96ea7eca20fb3226712dab45a9",
        "type": "github"
      },
      "original": {
        "owner": "homebrew",
        "repo": "homebrew-core",
        "type": "github"
      }
    },
    "homebrew-services": {
      "flake": false,
      "locked": {
        "lastModified": 1742475690,
        "narHash": "sha256-qg3/+iHtnFe6VxGapisTatGnoH0XG4BnWWqwwzWYzk0=",
        "owner": "homebrew",
        "repo": "homebrew-services",
        "rev": "2c294ab9515576d961cea28c93148c6452db2def",
        "type": "github"
      },
      "original": {
        "owner": "homebrew",
        "repo": "homebrew-services",
        "type": "github"
      }
    },
    "nix-darwin": {
      "inputs": {
        "nixpkgs": [
          "nixpkgs-unstable"
        ]
      },
      "locked": {
        "lastModified": 1775037210,
        "narHash": "sha256-KM2WYj6EA7M/FVZVCl3rqWY+TFV5QzSyyGE2gQxeODU=",
        "owner": "lnl7",
        "repo": "nix-darwin",
        "rev": "06648f4902343228ce2de79f291dd5a58ee12146",
        "type": "github"
      },
      "original": {
        "owner": "lnl7",
        "repo": "nix-darwin",
        "type": "github"
      }
    },
    "nix-flatpak": {
      "locked": {
        "lastModified": 1734128415,
        "narHash": "sha256-HLwdVNxpuTsLlM3tCkpbQU6yCehdgf3kOS1G2SDlkzY=",
        "owner": "gmodena",
        "repo": "nix-flatpak",
        "rev": "8bdc2540da516006d07b04019eb57ae0781a04b3",
        "type": "github"
      },
      "original": {
        "owner": "gmodena",
        "ref": "v0.5.2",
        "repo": "nix-flatpak",
        "type": "github"
      }
    },
    "nix-homebrew": {
      "inputs": {
        "brew-src": "brew-src"
      },
      "locked": {
        "lastModified": 1774720267,
        "narHash": "sha256-YYftFe8jyfpQI649yfr0E+dqEXE2jznZNcYvy/lKV1U=",
        "owner": "zhaofengli-wip",
        "repo": "nix-homebrew",
        "rev": "a7760a3a83f7609f742861afb5732210fdc437ed",
        "type": "github"
      },
      "original": {
        "owner": "zhaofengli-wip",
        "repo": "nix-homebrew",
        "type": "github"
      }
    },
    "nix-openclaw": {
      "inputs": {
        "flake-utils": "flake-utils",
        "home-manager": "home-manager_2",
        "nix-steipete-tools": "nix-steipete-tools",
        "nixpkgs": [
          "nixpkgs-unstable"
        ]
      },
      "locked": {
        "lastModified": 1775328099,
        "narHash": "sha256-Cibc8aRJrWGuLrkDdcTGpx73gT93Fe8vfs35M1y2HH4=",
        "owner": "openclaw",
        "repo": "nix-openclaw",
        "rev": "0f4d0666f1490cbe1ba76062275eb22d2f89cc44",
        "type": "github"
      },
      "original": {
        "owner": "openclaw",
        "repo": "nix-openclaw",
        "type": "github"
      }
    },
    "nix-steipete-tools": {
      "inputs": {
        "nixpkgs": "nixpkgs_2"
      },
      "locked": {
        "lastModified": 1774239543,
        "narHash": "sha256-ZZ7V6xN0ATIHibLyaDBhmUGOqLqQzxuTx1ekOGCvLHI=",
        "owner": "openclaw",
        "repo": "nix-steipete-tools",
        "rev": "5f677a283da837cad26c1ce982d85ee181085fc6",
        "type": "github"
      },
      "original": {
        "owner": "openclaw",
        "repo": "nix-steipete-tools",
        "type": "github"
      }
    },
    "nix-yazi-flavors": {
      "inputs": {
        "nixpkgs": "nixpkgs_3",
        "systems": "systems_2"
      },
      "locked": {
        "lastModified": 1758494789,
        "narHash": "sha256-jNqW/LxFz5jz5sBtxHn//q5TQuiS2t5b8jqU9xm2V78=",
        "owner": "aguirre-matteo",
        "repo": "nix-yazi-flavors",
        "rev": "4a02f027c97f83cfc1036618c1d718017d3d331b",
        "type": "github"
      },
      "original": {
        "owner": "aguirre-matteo",
        "repo": "nix-yazi-flavors",
        "type": "github"
      }
    },
    "nixpkgs": {
      "locked": {
        "lastModified": 1775036866,
        "narHash": "sha256-ZojAnPuCdy657PbTq5V0Y+AHKhZAIwSIT2cb8UgAz/U=",
        "owner": "NixOS",
        "repo": "nixpkgs",
        "rev": "6201e203d09599479a3b3450ed24fa81537ebc4e",
        "type": "github"
      },
      "original": {
        "owner": "NixOS",
        "ref": "nixos-unstable",
        "repo": "nixpkgs",
        "type": "github"
      }
    },
    "nixpkgs-master": {
      "locked": {
        "lastModified": 1775462809,
        "narHash": "sha256-IbaCZUn8/sFsBxjLPyEXE9asdDyjEKHhulVkcJcSoiM=",
        "owner": "nixos",
        "repo": "nixpkgs",
        "rev": "9c370b7ecae307f382440a7cad03b1bbaf378742",
        "type": "github"
      },
      "original": {
        "owner": "nixos",
        "ref": "master",
        "repo": "nixpkgs",
        "type": "github"
      }
    },
    "nixpkgs-stable-darwin": {
      "locked": {
        "lastModified": 1768649915,
        "narHash": "sha256-jc21hKogFnxU7KXSVTRmxC7u5D4RHwm9BAvDf5/Z1Uo=",
        "owner": "nixos",
        "repo": "nixpkgs",
        "rev": "3e3f3c7f9977dc123c23ee21e8085ed63daf8c37",
        "type": "github"
      },
      "original": {
        "owner": "nixos",
        "ref": "nixpkgs-25.05-darwin",
        "repo": "nixpkgs",
        "type": "github"
      }
    },
    "nixpkgs-unstable": {
      "locked": {
        "lastModified": 1775403759,
        "narHash": "sha256-cGyKiTspHEUx3QwAnV3RfyT+VOXhHLs+NEr17HU34Wo=",
        "owner": "nixos",
        "repo": "nixpkgs",
        "rev": "5e11f7acce6c3469bef9df154d78534fa7ae8b6c",
        "type": "github"
      },
      "original": {
        "owner": "nixos",
        "ref": "nixpkgs-unstable",
        "repo": "nixpkgs",
        "type": "github"
      }
    },
    "nixpkgs_2": {
      "locked": {
        "lastModified": 1767364772,
        "narHash": "sha256-fFUnEYMla8b7UKjijLnMe+oVFOz6HjijGGNS1l7dYaQ=",
        "owner": "NixOS",
        "repo": "nixpkgs",
        "rev": "16c7794d0a28b5a37904d55bcca36003b9109aaa",
        "type": "github"
      },
      "original": {
        "owner": "NixOS",
        "ref": "nixpkgs-unstable",
        "repo": "nixpkgs",
        "type": "github"
      }
    },
    "nixpkgs_3": {
      "locked": {
        "lastModified": 1753429684,
        "narHash": "sha256-9h7+4/53cSfQ/uA3pSvCaBepmZaz/dLlLVJnbQ+SJjk=",
        "owner": "nixos",
        "repo": "nixpkgs",
        "rev": "7fd36ee82c0275fb545775cc5e4d30542899511d",
        "type": "github"
      },
      "original": {
        "owner": "nixos",
        "ref": "nixos-unstable",
        "repo": "nixpkgs",
        "type": "github"
      }
    },
    "nixpkgs_4": {
      "locked": {
        "lastModified": 1775403759,
        "narHash": "sha256-cGyKiTspHEUx3QwAnV3RfyT+VOXhHLs+NEr17HU34Wo=",
        "owner": "NixOS",
        "repo": "nixpkgs",
        "rev": "5e11f7acce6c3469bef9df154d78534fa7ae8b6c",
        "type": "github"
      },
      "original": {
        "id": "nixpkgs",
        "type": "indirect"
      }
    },
    "noctalia": {
      "inputs": {
        "nixpkgs": [
          "nixpkgs-unstable"
        ],
        "noctalia-qs": "noctalia-qs"
      },
      "locked": {
        "lastModified": 1775438319,
        "narHash": "sha256-woO1IU6q5x6HGegm9D7y17o/3CvWaj92ZDrjI6deSDQ=",
        "owner": "noctalia-dev",
        "repo": "noctalia-shell",
        "rev": "ef147f24f16f3aaca116cb93c716326b04d37c21",
        "type": "github"
      },
      "original": {
        "owner": "noctalia-dev",
        "repo": "noctalia-shell",
        "type": "github"
      }
    },
    "noctalia-qs": {
      "inputs": {
        "nixpkgs": [
          "noctalia",
          "nixpkgs"
        ],
        "systems": "systems_3",
        "treefmt-nix": "treefmt-nix"
      },
      "locked": {
        "lastModified": 1775352167,
        "narHash": "sha256-5ytGzf6tWONKfgVG2JUZBa/lAHSArPYu/2l2z5lPsF0=",
        "owner": "noctalia-dev",
        "repo": "noctalia-qs",
        "rev": "736ceb63476597b1dea14fa053d5acf9070c6c4b",
        "type": "github"
      },
      "original": {
        "owner": "noctalia-dev",
        "repo": "noctalia-qs",
        "type": "github"
      }
    },
    "plasma-manager": {
      "inputs": {
        "home-manager": [
          "home-manager"
        ],
        "nixpkgs": [
          "home-manager"
        ]
      },
      "locked": {
        "lastModified": 1774915545,
        "narHash": "sha256-COT4l/+ZddGBvrDVfPf7MEOJxV8EDKame6/aRnNIKcY=",
        "owner": "nix-community",
        "repo": "plasma-manager",
        "rev": "f3177b3c69fb3f03201098d7fe8ab6422cce7fc1",
        "type": "github"
      },
      "original": {
        "owner": "nix-community",
        "repo": "plasma-manager",
        "type": "github"
      }
    },
    "root": {
      "inputs": {
        "aerospace": "aerospace",
        "catppuccin": "catppuccin",
        "daipeihust": "daipeihust",
        "fcitx5-vinput": "fcitx5-vinput",
        "home-manager": "home-manager",
        "homebrew-bundle": "homebrew-bundle",
        "homebrew-cask": "homebrew-cask",
        "homebrew-core": "homebrew-core",
        "homebrew-services": "homebrew-services",
        "nix-darwin": "nix-darwin",
        "nix-flatpak": "nix-flatpak",
        "nix-homebrew": "nix-homebrew",
        "nix-openclaw": "nix-openclaw",
        "nix-yazi-flavors": "nix-yazi-flavors",
        "nixpkgs": "nixpkgs_4",
        "nixpkgs-master": "nixpkgs-master",
        "nixpkgs-stable-darwin": "nixpkgs-stable-darwin",
        "nixpkgs-unstable": "nixpkgs-unstable",
        "noctalia": "noctalia",
        "plasma-manager": "plasma-manager",
        "zen-browser": "zen-browser"
      }
    },
    "systems": {
      "locked": {
        "lastModified": 1681028828,
        "narHash": "sha256-Vy1rq5AaRuLzOxct8nz4T6wlgyUR7zLU309k9mBC768=",
        "owner": "nix-systems",
        "repo": "default",
        "rev": "da67096a3b9bf56a91d16901293e51ba5b49a27e",
        "type": "github"
      },
      "original": {
        "owner": "nix-systems",
        "repo": "default",
        "type": "github"
      }
    },
    "systems_2": {
      "locked": {
        "lastModified": 1681028828,
        "narHash": "sha256-Vy1rq5AaRuLzOxct8nz4T6wlgyUR7zLU309k9mBC768=",
        "owner": "nix-systems",
        "repo": "default",
        "rev": "da67096a3b9bf56a91d16901293e51ba5b49a27e",
        "type": "github"
      },
      "original": {
        "owner": "nix-systems",
        "repo": "default",
        "type": "github"
      }
    },
    "systems_3": {
      "locked": {
        "lastModified": 1689347949,
        "narHash": "sha256-12tWmuL2zgBgZkdoB6qXZsgJEH9LR3oUgpaQq2RbI80=",
        "owner": "nix-systems",
        "repo": "default-linux",
        "rev": "31732fcf5e8fea42e59c2488ad31a0e651500f68",
        "type": "github"
      },
      "original": {
        "owner": "nix-systems",
        "repo": "default-linux",
        "type": "github"
      }
    },
    "treefmt-nix": {
      "inputs": {
        "nixpkgs": [
          "noctalia",
          "noctalia-qs",
          "nixpkgs"
        ]
      },
      "locked": {
        "lastModified": 1775125835,
        "narHash": "sha256-2qYcPgzFhnQWchHo0SlqLHrXpux5i6ay6UHA+v2iH4U=",
        "owner": "numtide",
        "repo": "treefmt-nix",
        "rev": "75925962939880974e3ab417879daffcba36c4a3",
        "type": "github"
      },
      "original": {
        "owner": "numtide",
        "repo": "treefmt-nix",
        "type": "github"
      }
    },
    "zen-browser": {
      "inputs": {
        "nixpkgs": [
          "nixpkgs-unstable"
        ]
      },
      "locked": {
        "lastModified": 1775277437,
        "narHash": "sha256-zCi04nIBNwTMt8n35w9cBgNUqnyhbjivsGlx6/Qhqug=",
        "owner": "youwen5",
        "repo": "zen-browser-flake",
        "rev": "de6d9094822a8f87fc380d1638f34d6cc6fa68ca",
        "type": "github"
      },
      "original": {
        "owner": "youwen5",
        "repo": "zen-browser-flake",
        "type": "github"
      }
    }
  },
  "root": "root",
  "version": 7
}
